schema: '2.0'
stages:
  train:
    cmd: python src/dvc_exp_model/train.py
    deps:
    - path: dataset
      md5: 687552951726b99c2eee15d29b4ccf0e.dir
      size: 17397981
      nfiles: 3
    - path: src
      md5: a5c4ee4fe5f7a75de798f6fb87d65ba3.dir
      size: 14623
      nfiles: 4
    params:
      params.yaml:
        model:
          conv_units: 16
        train:
          epochs: 1
    outs:
    - path: metrics.json
      md5: f7f6e27a0439eb32aaf4383d30d3e298
      size: 55
    - path: models
      md5: 04c0cf2f6c083f37ac59707071b465dc.dir
      size: 4208304
      nfiles: 1
    - path: plots
      md5: 1b1a8ad1f0e87aa7556e6401aacc1326.dir
      size: 77676
      nfiles: 2
