schema: '2.0'
stages:
  train:
    cmd: python src/dvc_exp_model/train.py
    deps:
    - path: dataset
      md5: 687552951726b99c2eee15d29b4ccf0e.dir
      size: 17397981
      nfiles: 3
    - path: src
      md5: e924d11e90db8ff546d23ad2e60fe86d.dir
      size: 14623
      nfiles: 4
    params:
      params.yaml:
        model:
          conv_units: 16
        train:
          epochs: 10
    outs:
    - path: metrics.json
      md5: 182ff6b6b5bb66a94a92b603cbe7dbc8
      size: 57
    - path: models
      md5: 6805734bc54ac55341bc7cabed92631d.dir
      size: 4208304
      nfiles: 1
    - path: plots
      md5: 3f1e581b9d3c469bd14d2471d354515a.dir
      size: 70079
      nfiles: 2
