schema: '2.0'
stages:
  train:
    cmd: python src/dvc_exp_model/train.py
    deps:
    - path: dataset
      md5: 687552951726b99c2eee15d29b4ccf0e.dir
      size: 17397981
      nfiles: 3
    - path: src
      md5: 7f29506adb0dc62a971a38b419c0880c.dir
      size: 14623
      nfiles: 4
    params:
      params.yaml:
        model:
          conv_units: 16
        train:
          epochs: 5
    outs:
    - path: metrics.json
      md5: 0c70c214d8f9a41b1c5ba662f9082bc5
      size: 56
    - path: models
      md5: 36474d18e9f162401df64f4d85afdd77.dir
      size: 4208304
      nfiles: 1
    - path: plots
      md5: 8a492b2a4b2f6449b8b0054e9852ad3d.dir
      size: 72870
      nfiles: 2
